// !$*UTF8*$!
{
	archiveVersion = 1;
	classes = {
	};
	objectVersion = 50;
	objects = {

/* Begin PBXBuildFile section */
		FC1BF3532585505000425D46 /* AppDelegate.swift in Sources */ = {isa = PBXBuildFile; fileRef = FC1BF3522585505000425D46 /* AppDelegate.swift */; };
		FC1BF3552585505000425D46 /* SceneDelegate.swift in Sources */ = {isa = PBXBuildFile; fileRef = FC1BF3542585505000425D46 /* SceneDelegate.swift */; };
		FC1BF35A2585505000425D46 /* Main.storyboard in Resources */ = {isa = PBXBuildFile; fileRef = FC1BF3582585505000425D46 /* Main.storyboard */; };
		FC1BF35C2585505700425D46 /* Assets.xcassets in Resources */ = {isa = PBXBuildFile; fileRef = FC1BF35B2585505700425D46 /* Assets.xcassets */; };
		FC1BF35F2585505700425D46 /* LaunchScreen.storyboard in Resources */ = {isa = PBXBuildFile; fileRef = FC1BF35D2585505700425D46 /* LaunchScreen.storyboard */; };
		FC1BF36A2585505700425D46 /* OnlineShoppingTests.swift in Sources */ = {isa = PBXBuildFile; fileRef = FC1BF3692585505700425D46 /* OnlineShoppingTests.swift */; };
		FC1BF3752585505700425D46 /* OnlineShoppingUITests.swift in Sources */ = {isa = PBXBuildFile; fileRef = FC1BF3742585505700425D46 /* OnlineShoppingUITests.swift */; };
		FC1BF3952585521D00425D46 /* ProductsServices.swift in Sources */ = {isa = PBXBuildFile; fileRef = FC1BF3942585521D00425D46 /* ProductsServices.swift */; };
		FC1BF39D258553E100425D46 /* SignInViewController.swift in Sources */ = {isa = PBXBuildFile; fileRef = FC1BF39C258553E100425D46 /* SignInViewController.swift */; };
		FC1BF3A22585540600425D46 /* ProductListViewController.swift in Sources */ = {isa = PBXBuildFile; fileRef = FC1BF3A12585540600425D46 /* ProductListViewController.swift */; };
		FC1BF3A72585543E00425D46 /* FiltersViewController.swift in Sources */ = {isa = PBXBuildFile; fileRef = FC1BF3A62585543E00425D46 /* FiltersViewController.swift */; };
		FC1BF3AF2585587600425D46 /* Product.swift in Sources */ = {isa = PBXBuildFile; fileRef = FC1BF3AE2585587600425D46 /* Product.swift */; };
		FC6B64A0258695A3002DFD74 /* ProductCollectionView.swift in Sources */ = {isa = PBXBuildFile; fileRef = FC6B649F258695A3002DFD74 /* ProductCollectionView.swift */; };
		FC6B64A8258695B9002DFD74 /* ProductCollectionView.xib in Resources */ = {isa = PBXBuildFile; fileRef = FC6B64A7258695B9002DFD74 /* ProductCollectionView.xib */; };
		FC6B64AE25869693002DFD74 /* CollectionViewCell.swift in Sources */ = {isa = PBXBuildFile; fileRef = FC6B64AC25869693002DFD74 /* CollectionViewCell.swift */; };
		FC6B64AF25869693002DFD74 /* CollectionViewCell.xib in Resources */ = {isa = PBXBuildFile; fileRef = FC6B64AD25869693002DFD74 /* CollectionViewCell.xib */; };
		FC6B64C32586D879002DFD74 /* FilterBannerView.swift in Sources */ = {isa = PBXBuildFile; fileRef = FC6B64C22586D879002DFD74 /* FilterBannerView.swift */; };
		FC6B64C82586D886002DFD74 /* FilterBannerView.xib in Resources */ = {isa = PBXBuildFile; fileRef = FC6B64C72586D886002DFD74 /* FilterBannerView.xib */; };
		FC6B64D42586DD02002DFD74 /* CategoryTableView.swift in Sources */ = {isa = PBXBuildFile; fileRef = FC6B64D32586DD02002DFD74 /* CategoryTableView.swift */; };
		FC6B64DC2586DD09002DFD74 /* CategoryTableView.xib in Resources */ = {isa = PBXBuildFile; fileRef = FC6B64DB2586DD09002DFD74 /* CategoryTableView.xib */; };
		FC6B64E22586DEBD002DFD74 /* TableViewCell.swift in Sources */ = {isa = PBXBuildFile; fileRef = FC6B64E02586DEBD002DFD74 /* TableViewCell.swift */; };
		FC6B64E32586DEBD002DFD74 /* TableViewCell.xib in Resources */ = {isa = PBXBuildFile; fileRef = FC6B64E12586DEBD002DFD74 /* TableViewCell.xib */; };
		FCCB93602585721A0081A9E9 /* TitilliumWeb-Italic.ttf in Resources */ = {isa = PBXBuildFile; fileRef = FCCB9355258572190081A9E9 /* TitilliumWeb-Italic.ttf */; };
		FCCB93612585721A0081A9E9 /* TitilliumWeb-SemiBold.ttf in Resources */ = {isa = PBXBuildFile; fileRef = FCCB9356258572190081A9E9 /* TitilliumWeb-SemiBold.ttf */; };
		FCCB93622585721A0081A9E9 /* TitilliumWeb-Light.ttf in Resources */ = {isa = PBXBuildFile; fileRef = FCCB9357258572190081A9E9 /* TitilliumWeb-Light.ttf */; };
		FCCB93632585721A0081A9E9 /* TitilliumWeb-ExtraLightItalic.ttf in Resources */ = {isa = PBXBuildFile; fileRef = FCCB9358258572190081A9E9 /* TitilliumWeb-ExtraLightItalic.ttf */; };
		FCCB93642585721A0081A9E9 /* TitilliumWeb-Bold.ttf in Resources */ = {isa = PBXBuildFile; fileRef = FCCB9359258572190081A9E9 /* TitilliumWeb-Bold.ttf */; };
		FCCB93652585721A0081A9E9 /* TitilliumWeb-BoldItalic.ttf in Resources */ = {isa = PBXBuildFile; fileRef = FCCB935A258572190081A9E9 /* TitilliumWeb-BoldItalic.ttf */; };
		FCCB93662585721A0081A9E9 /* TitilliumWeb-Black.ttf in Resources */ = {isa = PBXBuildFile; fileRef = FCCB935B258572190081A9E9 /* TitilliumWeb-Black.ttf */; };
		FCCB93672585721A0081A9E9 /* TitilliumWeb-LightItalic.ttf in Resources */ = {isa = PBXBuildFile; fileRef = FCCB935C258572190081A9E9 /* TitilliumWeb-LightItalic.ttf */; };
		FCCB93682585721A0081A9E9 /* TitilliumWeb-ExtraLight.ttf in Resources */ = {isa = PBXBuildFile; fileRef = FCCB935D258572190081A9E9 /* TitilliumWeb-ExtraLight.ttf */; };
		FCCB93692585721A0081A9E9 /* TitilliumWeb-Regular.ttf in Resources */ = {isa = PBXBuildFile; fileRef = FCCB935E258572190081A9E9 /* TitilliumWeb-Regular.ttf */; };
		FCCB936A2585721A0081A9E9 /* TitilliumWeb-SemiBoldItalic.ttf in Resources */ = {isa = PBXBuildFile; fileRef = FCCB935F2585721A0081A9E9 /* TitilliumWeb-SemiBoldItalic.ttf */; };
		FCCB9377258573660081A9E9 /* EmailInputView.swift in Sources */ = {isa = PBXBuildFile; fileRef = FCCB9376258573660081A9E9 /* EmailInputView.swift */; };
		FCCB937C2585737F0081A9E9 /* EmailInputView.xib in Resources */ = {isa = PBXBuildFile; fileRef = FCCB937B2585737F0081A9E9 /* EmailInputView.xib */; };
		FCCB938625857AD20081A9E9 /* PasswordInputView.xib in Resources */ = {isa = PBXBuildFile; fileRef = FCCB938525857AD20081A9E9 /* PasswordInputView.xib */; };
		FCCB938E25857B150081A9E9 /* PasswordInputView.swift in Sources */ = {isa = PBXBuildFile; fileRef = FCCB938D25857B150081A9E9 /* PasswordInputView.swift */; };
		FCCB939B258582850081A9E9 /* CommonButtonView.swift in Sources */ = {isa = PBXBuildFile; fileRef = FCCB939A258582850081A9E9 /* CommonButtonView.swift */; };
		FCCB93A0258582930081A9E9 /* CommonButtonView.xib in Resources */ = {isa = PBXBuildFile; fileRef = FCCB939F258582930081A9E9 /* CommonButtonView.xib */; };
		FCCB93B62585898A0081A9E9 /* PatternView.swift in Sources */ = {isa = PBXBuildFile; fileRef = FCCB93B52585898A0081A9E9 /* PatternView.swift */; };
		FCCB93BB258589A90081A9E9 /* PatternView.xib in Resources */ = {isa = PBXBuildFile; fileRef = FCCB93BA258589A90081A9E9 /* PatternView.xib */; };
		FCCB93C425858DCD0081A9E9 /* SearchView.swift in Sources */ = {isa = PBXBuildFile; fileRef = FCCB93C325858DCD0081A9E9 /* SearchView.swift */; };
		FCCB93CC25858DDA0081A9E9 /* SearchView.xib in Resources */ = {isa = PBXBuildFile; fileRef = FCCB93CB25858DDA0081A9E9 /* SearchView.xib */; };
		FCCB93D62585A77F0081A9E9 /* SortAndFilterView.swift in Sources */ = {isa = PBXBuildFile; fileRef = FCCB93D52585A77F0081A9E9 /* SortAndFilterView.swift */; };
		FCCB93DE2585A7A00081A9E9 /* SortAndFilterView.xib in Resources */ = {isa = PBXBuildFile; fileRef = FCCB93DD2585A7A00081A9E9 /* SortAndFilterView.xib */; };
		FCE6CD672587A7E500E3D017 /* FooterView.swift in Sources */ = {isa = PBXBuildFile; fileRef = FCE6CD662587A7E500E3D017 /* FooterView.swift */; };
		FCE6CD6C2587A7FE00E3D017 /* FooterView.xib in Resources */ = {isa = PBXBuildFile; fileRef = FCE6CD6B2587A7FE00E3D017 /* FooterView.xib */; };
/* End PBXBuildFile section */

/* Begin PBXContainerItemProxy section */
		FC1BF3662585505700425D46 /* PBXContainerItemProxy */ = {
			isa = PBXContainerItemProxy;
			containerPortal = FC1BF3472585505000425D46 /* Project object */;
			proxyType = 1;
			remoteGlobalIDString = FC1BF34E2585505000425D46;
			remoteInfo = OnlineShopping;
		};
		FC1BF3712585505700425D46 /* PBXContainerItemProxy */ = {
			isa = PBXContainerItemProxy;
			containerPortal = FC1BF3472585505000425D46 /* Project object */;
			proxyType = 1;
			remoteGlobalIDString = FC1BF34E2585505000425D46;
			remoteInfo = OnlineShopping;
		};
/* End PBXContainerItemProxy section */

/* Begin PBXFileReference section */
		FC1BF34F2585505000425D46 /* OnlineShopping.app */ = {isa = PBXFileReference; explicitFileType = wrapper.application; includeInIndex = 0; path = OnlineShopping.app; sourceTree = BUILT_PRODUCTS_DIR; };
		FC1BF3522585505000425D46 /* AppDelegate.swift */ = {isa = PBXFileReference; lastKnownFileType = sourcecode.swift; path = AppDelegate.swift; sourceTree = "<group>"; };
		FC1BF3542585505000425D46 /* SceneDelegate.swift */ = {isa = PBXFileReference; lastKnownFileType = sourcecode.swift; path = SceneDelegate.swift; sourceTree = "<group>"; };
		FC1BF3592585505000425D46 /* Base */ = {isa = PBXFileReference; lastKnownFileType = file.storyboard; name = Base; path = Base.lproj/Main.storyboard; sourceTree = "<group>"; };
		FC1BF35B2585505700425D46 /* Assets.xcassets */ = {isa = PBXFileReference; lastKnownFileType = folder.assetcatalog; path = Assets.xcassets; sourceTree = "<group>"; };
		FC1BF35E2585505700425D46 /* Base */ = {isa = PBXFileReference; lastKnownFileType = file.storyboard; name = Base; path = Base.lproj/LaunchScreen.storyboard; sourceTree = "<group>"; };
		FC1BF3602585505700425D46 /* Info.plist */ = {isa = PBXFileReference; lastKnownFileType = text.plist.xml; path = Info.plist; sourceTree = "<group>"; };
		FC1BF3652585505700425D46 /* OnlineShoppingTests.xctest */ = {isa = PBXFileReference; explicitFileType = wrapper.cfbundle; includeInIndex = 0; path = OnlineShoppingTests.xctest; sourceTree = BUILT_PRODUCTS_DIR; };
		FC1BF3692585505700425D46 /* OnlineShoppingTests.swift */ = {isa = PBXFileReference; lastKnownFileType = sourcecode.swift; path = OnlineShoppingTests.swift; sourceTree = "<group>"; };
		FC1BF36B2585505700425D46 /* Info.plist */ = {isa = PBXFileReference; lastKnownFileType = text.plist.xml; path = Info.plist; sourceTree = "<group>"; };
		FC1BF3702585505700425D46 /* OnlineShoppingUITests.xctest */ = {isa = PBXFileReference; explicitFileType = wrapper.cfbundle; includeInIndex = 0; path = OnlineShoppingUITests.xctest; sourceTree = BUILT_PRODUCTS_DIR; };
		FC1BF3742585505700425D46 /* OnlineShoppingUITests.swift */ = {isa = PBXFileReference; lastKnownFileType = sourcecode.swift; path = OnlineShoppingUITests.swift; sourceTree = "<group>"; };
		FC1BF3762585505700425D46 /* Info.plist */ = {isa = PBXFileReference; lastKnownFileType = text.plist.xml; path = Info.plist; sourceTree = "<group>"; };
		FC1BF3942585521D00425D46 /* ProductsServices.swift */ = {isa = PBXFileReference; lastKnownFileType = sourcecode.swift; path = ProductsServices.swift; sourceTree = "<group>"; };
		FC1BF39C258553E100425D46 /* SignInViewController.swift */ = {isa = PBXFileReference; lastKnownFileType = sourcecode.swift; path = SignInViewController.swift; sourceTree = "<group>"; };
		FC1BF3A12585540600425D46 /* ProductListViewController.swift */ = {isa = PBXFileReference; lastKnownFileType = sourcecode.swift; path = ProductListViewController.swift; sourceTree = "<group>"; };
		FC1BF3A62585543E00425D46 /* FiltersViewController.swift */ = {isa = PBXFileReference; lastKnownFileType = sourcecode.swift; path = FiltersViewController.swift; sourceTree = "<group>"; };
		FC1BF3AE2585587600425D46 /* Product.swift */ = {isa = PBXFileReference; lastKnownFileType = sourcecode.swift; path = Product.swift; sourceTree = "<group>"; };
		FC6B649F258695A3002DFD74 /* ProductCollectionView.swift */ = {isa = PBXFileReference; lastKnownFileType = sourcecode.swift; path = ProductCollectionView.swift; sourceTree = "<group>"; };
		FC6B64A7258695B9002DFD74 /* ProductCollectionView.xib */ = {isa = PBXFileReference; lastKnownFileType = file.xib; path = ProductCollectionView.xib; sourceTree = "<group>"; };
		FC6B64AC25869693002DFD74 /* CollectionViewCell.swift */ = {isa = PBXFileReference; lastKnownFileType = sourcecode.swift; path = CollectionViewCell.swift; sourceTree = "<group>"; };
		FC6B64AD25869693002DFD74 /* CollectionViewCell.xib */ = {isa = PBXFileReference; lastKnownFileType = file.xib; path = CollectionViewCell.xib; sourceTree = "<group>"; };
		FC6B64C22586D879002DFD74 /* FilterBannerView.swift */ = {isa = PBXFileReference; lastKnownFileType = sourcecode.swift; path = FilterBannerView.swift; sourceTree = "<group>"; };
		FC6B64C72586D886002DFD74 /* FilterBannerView.xib */ = {isa = PBXFileReference; lastKnownFileType = file.xib; path = FilterBannerView.xib; sourceTree = "<group>"; };
		FC6B64D32586DD02002DFD74 /* CategoryTableView.swift */ = {isa = PBXFileReference; lastKnownFileType = sourcecode.swift; path = CategoryTableView.swift; sourceTree = "<group>"; };
		FC6B64DB2586DD09002DFD74 /* CategoryTableView.xib */ = {isa = PBXFileReference; lastKnownFileType = file.xib; path = CategoryTableView.xib; sourceTree = "<group>"; };
		FC6B64E02586DEBD002DFD74 /* TableViewCell.swift */ = {isa = PBXFileReference; lastKnownFileType = sourcecode.swift; path = TableViewCell.swift; sourceTree = "<group>"; };
		FC6B64E12586DEBD002DFD74 /* TableViewCell.xib */ = {isa = PBXFileReference; lastKnownFileType = file.xib; path = TableViewCell.xib; sourceTree = "<group>"; };
		FCCB9355258572190081A9E9 /* TitilliumWeb-Italic.ttf */ = {isa = PBXFileReference; lastKnownFileType = file; path = "TitilliumWeb-Italic.ttf"; sourceTree = "<group>"; };
		FCCB9356258572190081A9E9 /* TitilliumWeb-SemiBold.ttf */ = {isa = PBXFileReference; lastKnownFileType = file; path = "TitilliumWeb-SemiBold.ttf"; sourceTree = "<group>"; };
		FCCB9357258572190081A9E9 /* TitilliumWeb-Light.ttf */ = {isa = PBXFileReference; lastKnownFileType = file; path = "TitilliumWeb-Light.ttf"; sourceTree = "<group>"; };
		FCCB9358258572190081A9E9 /* TitilliumWeb-ExtraLightItalic.ttf */ = {isa = PBXFileReference; lastKnownFileType = file; path = "TitilliumWeb-ExtraLightItalic.ttf"; sourceTree = "<group>"; };
		FCCB9359258572190081A9E9 /* TitilliumWeb-Bold.ttf */ = {isa = PBXFileReference; lastKnownFileType = file; path = "TitilliumWeb-Bold.ttf"; sourceTree = "<group>"; };
		FCCB935A258572190081A9E9 /* TitilliumWeb-BoldItalic.ttf */ = {isa = PBXFileReference; lastKnownFileType = file; path = "TitilliumWeb-BoldItalic.ttf"; sourceTree = "<group>"; };
		FCCB935B258572190081A9E9 /* TitilliumWeb-Black.ttf */ = {isa = PBXFileReference; lastKnownFileType = file; path = "TitilliumWeb-Black.ttf"; sourceTree = "<group>"; };
		FCCB935C258572190081A9E9 /* TitilliumWeb-LightItalic.ttf */ = {isa = PBXFileReference; lastKnownFileType = file; path = "TitilliumWeb-LightItalic.ttf"; sourceTree = "<group>"; };
		FCCB935D258572190081A9E9 /* TitilliumWeb-ExtraLight.ttf */ = {isa = PBXFileReference; lastKnownFileType = file; path = "TitilliumWeb-ExtraLight.ttf"; sourceTree = "<group>"; };
		FCCB935E258572190081A9E9 /* TitilliumWeb-Regular.ttf */ = {isa = PBXFileReference; lastKnownFileType = file; path = "TitilliumWeb-Regular.ttf"; sourceTree = "<group>"; };
		FCCB935F2585721A0081A9E9 /* TitilliumWeb-SemiBoldItalic.ttf */ = {isa = PBXFileReference; lastKnownFileType = file; path = "TitilliumWeb-SemiBoldItalic.ttf"; sourceTree = "<group>"; };
		FCCB9376258573660081A9E9 /* EmailInputView.swift */ = {isa = PBXFileReference; lastKnownFileType = sourcecode.swift; path = EmailInputView.swift; sourceTree = "<group>"; };
		FCCB937B2585737F0081A9E9 /* EmailInputView.xib */ = {isa = PBXFileReference; lastKnownFileType = file.xib; path = EmailInputView.xib; sourceTree = "<group>"; };
		FCCB938525857AD20081A9E9 /* PasswordInputView.xib */ = {isa = PBXFileReference; lastKnownFileType = file.xib; path = PasswordInputView.xib; sourceTree = "<group>"; };
		FCCB938D25857B150081A9E9 /* PasswordInputView.swift */ = {isa = PBXFileReference; lastKnownFileType = sourcecode.swift; path = PasswordInputView.swift; sourceTree = "<group>"; };
		FCCB939A258582850081A9E9 /* CommonButtonView.swift */ = {isa = PBXFileReference; lastKnownFileType = sourcecode.swift; path = CommonButtonView.swift; sourceTree = "<group>"; };
		FCCB939F258582930081A9E9 /* CommonButtonView.xib */ = {isa = PBXFileReference; lastKnownFileType = file.xib; path = CommonButtonView.xib; sourceTree = "<group>"; };
		FCCB93B52585898A0081A9E9 /* PatternView.swift */ = {isa = PBXFileReference; lastKnownFileType = sourcecode.swift; path = PatternView.swift; sourceTree = "<group>"; };
		FCCB93BA258589A90081A9E9 /* PatternView.xib */ = {isa = PBXFileReference; lastKnownFileType = file.xib; path = PatternView.xib; sourceTree = "<group>"; };
		FCCB93C325858DCD0081A9E9 /* SearchView.swift */ = {isa = PBXFileReference; lastKnownFileType = sourcecode.swift; path = SearchView.swift; sourceTree = "<group>"; };
		FCCB93CB25858DDA0081A9E9 /* SearchView.xib */ = {isa = PBXFileReference; lastKnownFileType = file.xib; path = SearchView.xib; sourceTree = "<group>"; };
		FCCB93D52585A77F0081A9E9 /* SortAndFilterView.swift */ = {isa = PBXFileReference; lastKnownFileType = sourcecode.swift; path = SortAndFilterView.swift; sourceTree = "<group>"; };
		FCCB93DD2585A7A00081A9E9 /* SortAndFilterView.xib */ = {isa = PBXFileReference; lastKnownFileType = file.xib; path = SortAndFilterView.xib; sourceTree = "<group>"; };
		FCE6CD662587A7E500E3D017 /* FooterView.swift */ = {isa = PBXFileReference; lastKnownFileType = sourcecode.swift; path = FooterView.swift; sourceTree = "<group>"; };
		FCE6CD6B2587A7FE00E3D017 /* FooterView.xib */ = {isa = PBXFileReference; lastKnownFileType = file.xib; path = FooterView.xib; sourceTree = "<group>"; };
/* End PBXFileReference section */

/* Begin PBXFrameworksBuildPhase section */
		FC1BF34C2585505000425D46 /* Frameworks */ = {
			isa = PBXFrameworksBuildPhase;
			buildActionMask = 2147483647;
			files = (
			);
			runOnlyForDeploymentPostprocessing = 0;
		};
		FC1BF3622585505700425D46 /* Frameworks */ = {
			isa = PBXFrameworksBuildPhase;
			buildActionMask = 2147483647;
			files = (
			);
			runOnlyForDeploymentPostprocessing = 0;
		};
		FC1BF36D2585505700425D46 /* Frameworks */ = {
			isa = PBXFrameworksBuildPhase;
			buildActionMask = 2147483647;
			files = (
			);
			runOnlyForDeploymentPostprocessing = 0;
		};
/* End PBXFrameworksBuildPhase section */

/* Begin PBXGroup section */
		FC1BF3462585505000425D46 = {
			isa = PBXGroup;
			children = (
				FC1BF3512585505000425D46 /* OnlineShopping */,
				FC1BF3682585505700425D46 /* OnlineShoppingTests */,
				FC1BF3732585505700425D46 /* OnlineShoppingUITests */,
				FC1BF3502585505000425D46 /* Products */,
			);
			sourceTree = "<group>";
		};
		FC1BF3502585505000425D46 /* Products */ = {
			isa = PBXGroup;
			children = (
				FC1BF34F2585505000425D46 /* OnlineShopping.app */,
				FC1BF3652585505700425D46 /* OnlineShoppingTests.xctest */,
				FC1BF3702585505700425D46 /* OnlineShoppingUITests.xctest */,
			);
			name = Products;
			sourceTree = "<group>";
		};
		FC1BF3512585505000425D46 /* OnlineShopping */ = {
			isa = PBXGroup;
			children = (
				FCCB9354258571E10081A9E9 /* Fonts */,
				FC1BF3522585505000425D46 /* AppDelegate.swift */,
				FC1BF3542585505000425D46 /* SceneDelegate.swift */,
				FC1BF3852585506900425D46 /* Model */,
				FC1BF3892585507E00425D46 /* View */,
				FC1BF38A2585508600425D46 /* Controller */,
				FC1BF38B2585509B00425D46 /* Services */,
				FC1BF3602585505700425D46 /* Info.plist */,
			);
			path = OnlineShopping;
			sourceTree = "<group>";
		};
		FC1BF3682585505700425D46 /* OnlineShoppingTests */ = {
			isa = PBXGroup;
			children = (
				FC1BF3692585505700425D46 /* OnlineShoppingTests.swift */,
				FC1BF36B2585505700425D46 /* Info.plist */,
			);
			path = OnlineShoppingTests;
			sourceTree = "<group>";
		};
		FC1BF3732585505700425D46 /* OnlineShoppingUITests */ = {
			isa = PBXGroup;
			children = (
				FC1BF3742585505700425D46 /* OnlineShoppingUITests.swift */,
				FC1BF3762585505700425D46 /* Info.plist */,
			);
			path = OnlineShoppingUITests;
			sourceTree = "<group>";
		};
		FC1BF3852585506900425D46 /* Model */ = {
			isa = PBXGroup;
			children = (
				FC1BF3AE2585587600425D46 /* Product.swift */,
			);
			path = Model;
			sourceTree = "<group>";
		};
		FC1BF3892585507E00425D46 /* View */ = {
			isa = PBXGroup;
			children = (
				FC1BF3582585505000425D46 /* Main.storyboard */,
				FC1BF35B2585505700425D46 /* Assets.xcassets */,
				FC1BF35D2585505700425D46 /* LaunchScreen.storyboard */,
				FCCB93A4258588D70081A9E9 /* SignInViews */,
				FCCB93C225858D840081A9E9 /* ProductListView */,
				FC6B64BE2586CA20002DFD74 /* FiltersView */,
				FCCB93BF25858D2B0081A9E9 /* CommonViews */,
			);
			path = View;
			sourceTree = "<group>";
		};
		FC1BF38A2585508600425D46 /* Controller */ = {
			isa = PBXGroup;
			children = (
				FC1BF39C258553E100425D46 /* SignInViewController.swift */,
				FC1BF3A12585540600425D46 /* ProductListViewController.swift */,
				FC1BF3A62585543E00425D46 /* FiltersViewController.swift */,
			);
			path = Controller;
			sourceTree = "<group>";
		};
		FC1BF38B2585509B00425D46 /* Services */ = {
			isa = PBXGroup;
			children = (
				FC1BF3942585521D00425D46 /* ProductsServices.swift */,
			);
			path = Services;
			sourceTree = "<group>";
		};
		FC6B64BE2586CA20002DFD74 /* FiltersView */ = {
			isa = PBXGroup;
			children = (
				FC6B64D22586DCE5002DFD74 /* CategpryTableView */,
				FC6B64D12586DCD2002DFD74 /* FilterBannerView */,
			);
			path = FiltersView;
			sourceTree = "<group>";
		};
		FC6B64CC2586DC42002DFD74 /* ProductCollectionListView */ = {
			isa = PBXGroup;
			children = (
				FC6B64CD2586DC61002DFD74 /* Cell */,
				FC6B64A7258695B9002DFD74 /* ProductCollectionView.xib */,
				FC6B649F258695A3002DFD74 /* ProductCollectionView.swift */,
			);
			path = ProductCollectionListView;
			sourceTree = "<group>";
		};
		FC6B64CD2586DC61002DFD74 /* Cell */ = {
			isa = PBXGroup;
			children = (
				FC6B64AC25869693002DFD74 /* CollectionViewCell.swift */,
				FC6B64AD25869693002DFD74 /* CollectionViewCell.xib */,
			);
			path = Cell;
			sourceTree = "<group>";
		};
		FC6B64D12586DCD2002DFD74 /* FilterBannerView */ = {
			isa = PBXGroup;
			children = (
				FC6B64C72586D886002DFD74 /* FilterBannerView.xib */,
				FC6B64C22586D879002DFD74 /* FilterBannerView.swift */,
			);
			path = FilterBannerView;
			sourceTree = "<group>";
		};
		FC6B64D22586DCE5002DFD74 /* CategpryTableView */ = {
			isa = PBXGroup;
			children = (
				FC6B64D32586DD02002DFD74 /* CategoryTableView.swift */,
				FC6B64DB2586DD09002DFD74 /* CategoryTableView.xib */,
				FC6B64E02586DEBD002DFD74 /* TableViewCell.swift */,
				FC6B64E12586DEBD002DFD74 /* TableViewCell.xib */,
			);
			path = CategpryTableView;
			sourceTree = "<group>";
		};
		FCCB9354258571E10081A9E9 /* Fonts */ = {
			isa = PBXGroup;
			children = (
				FCCB935B258572190081A9E9 /* TitilliumWeb-Black.ttf */,
				FCCB9359258572190081A9E9 /* TitilliumWeb-Bold.ttf */,
				FCCB935A258572190081A9E9 /* TitilliumWeb-BoldItalic.ttf */,
				FCCB935D258572190081A9E9 /* TitilliumWeb-ExtraLight.ttf */,
				FCCB9358258572190081A9E9 /* TitilliumWeb-ExtraLightItalic.ttf */,
				FCCB9355258572190081A9E9 /* TitilliumWeb-Italic.ttf */,
				FCCB9357258572190081A9E9 /* TitilliumWeb-Light.ttf */,
				FCCB935C258572190081A9E9 /* TitilliumWeb-LightItalic.ttf */,
				FCCB935E258572190081A9E9 /* TitilliumWeb-Regular.ttf */,
				FCCB9356258572190081A9E9 /* TitilliumWeb-SemiBold.ttf */,
				FCCB935F2585721A0081A9E9 /* TitilliumWeb-SemiBoldItalic.ttf */,
			);
			path = Fonts;
			sourceTree = "<group>";
		};
		FCCB93A4258588D70081A9E9 /* SignInViews */ = {
			isa = PBXGroup;
			children = (
				FCCB93A9258589140081A9E9 /* EmailInputView */,
				FCCB93A8258588F30081A9E9 /* PasswordInputView */,
			);
			path = SignInViews;
			sourceTree = "<group>";
		};
		FCCB93A8258588F30081A9E9 /* PasswordInputView */ = {
			isa = PBXGroup;
			children = (
				FCCB938525857AD20081A9E9 /* PasswordInputView.xib */,
				FCCB938D25857B150081A9E9 /* PasswordInputView.swift */,
			);
			path = PasswordInputView;
			sourceTree = "<group>";
		};
		FCCB93A9258589140081A9E9 /* EmailInputView */ = {
			isa = PBXGroup;
			children = (
				FCCB9376258573660081A9E9 /* EmailInputView.swift */,
				FCCB937B2585737F0081A9E9 /* EmailInputView.xib */,
			);
			path = EmailInputView;
			sourceTree = "<group>";
		};
		FCCB93BF25858D2B0081A9E9 /* CommonViews */ = {
			isa = PBXGroup;
			children = (
				FCCB93C025858D410081A9E9 /* CommonButtonView */,
				FCCB93C125858D660081A9E9 /* PatternView */,
			);
			path = CommonViews;
			sourceTree = "<group>";
		};
		FCCB93C025858D410081A9E9 /* CommonButtonView */ = {
			isa = PBXGroup;
			children = (
				FCCB939A258582850081A9E9 /* CommonButtonView.swift */,
				FCCB939F258582930081A9E9 /* CommonButtonView.xib */,
			);
			path = CommonButtonView;
			sourceTree = "<group>";
		};
		FCCB93C125858D660081A9E9 /* PatternView */ = {
			isa = PBXGroup;
			children = (
				FCCB93BA258589A90081A9E9 /* PatternView.xib */,
				FCCB93B52585898A0081A9E9 /* PatternView.swift */,
			);
			path = PatternView;
			sourceTree = "<group>";
		};
		FCCB93C225858D840081A9E9 /* ProductListView */ = {
			isa = PBXGroup;
			children = (
				FCCB93D32585A6E40081A9E9 /* SearchView */,
				FCCB93D42585A6FF0081A9E9 /* SortAndFilterView */,
				FC6B64CC2586DC42002DFD74 /* ProductCollectionListView */,
				FCE6CD702587ADBC00E3D017 /* FooterView */,
			);
			path = ProductListView;
			sourceTree = "<group>";
		};
		FCCB93D32585A6E40081A9E9 /* SearchView */ = {
			isa = PBXGroup;
			children = (
				FCCB93CB25858DDA0081A9E9 /* SearchView.xib */,
				FCCB93C325858DCD0081A9E9 /* SearchView.swift */,
			);
			path = SearchView;
			sourceTree = "<group>";
		};
		FCCB93D42585A6FF0081A9E9 /* SortAndFilterView */ = {
			isa = PBXGroup;
			children = (
				FCCB93D52585A77F0081A9E9 /* SortAndFilterView.swift */,
				FCCB93DD2585A7A00081A9E9 /* SortAndFilterView.xib */,
			);
			path = SortAndFilterView;
			sourceTree = "<group>";
		};
		FCE6CD702587ADBC00E3D017 /* FooterView */ = {
			isa = PBXGroup;
			children = (
				FCE6CD6B2587A7FE00E3D017 /* FooterView.xib */,
				FCE6CD662587A7E500E3D017 /* FooterView.swift */,
			);
			path = FooterView;
			sourceTree = "<group>";
		};
/* End PBXGroup section */

/* Begin PBXNativeTarget section */
		FC1BF34E2585505000425D46 /* OnlineShopping */ = {
			isa = PBXNativeTarget;
			buildConfigurationList = FC1BF3792585505700425D46 /* Build configuration list for PBXNativeTarget "OnlineShopping" */;
			buildPhases = (
				FC1BF34B2585505000425D46 /* Sources */,
				FC1BF34C2585505000425D46 /* Frameworks */,
				FC1BF34D2585505000425D46 /* Resources */,
			);
			buildRules = (
			);
			dependencies = (
			);
			name = OnlineShopping;
			productName = OnlineShopping;
			productReference = FC1BF34F2585505000425D46 /* OnlineShopping.app */;
			productType = "com.apple.product-type.application";
		};
		FC1BF3642585505700425D46 /* OnlineShoppingTests */ = {
			isa = PBXNativeTarget;
			buildConfigurationList = FC1BF37C2585505700425D46 /* Build configuration list for PBXNativeTarget "OnlineShoppingTests" */;
			buildPhases = (
				FC1BF3612585505700425D46 /* Sources */,
				FC1BF3622585505700425D46 /* Frameworks */,
				FC1BF3632585505700425D46 /* Resources */,
			);
			buildRules = (
			);
			dependencies = (
				FC1BF3672585505700425D46 /* PBXTargetDependency */,
			);
			name = OnlineShoppingTests;
			productName = OnlineShoppingTests;
			productReference = FC1BF3652585505700425D46 /* OnlineShoppingTests.xctest */;
			productType = "com.apple.product-type.bundle.unit-test";
		};
		FC1BF36F2585505700425D46 /* OnlineShoppingUITests */ = {
			isa = PBXNativeTarget;
			buildConfigurationList = FC1BF37F2585505700425D46 /* Build configuration list for PBXNativeTarget "OnlineShoppingUITests" */;
			buildPhases = (
				FC1BF36C2585505700425D46 /* Sources */,
				FC1BF36D2585505700425D46 /* Frameworks */,
				FC1BF36E2585505700425D46 /* Resources */,
			);
			buildRules = (
			);
			dependencies = (
				FC1BF3722585505700425D46 /* PBXTargetDependency */,
			);
			name = OnlineShoppingUITests;
			productName = OnlineShoppingUITests;
			productReference = FC1BF3702585505700425D46 /* OnlineShoppingUITests.xctest */;
			productType = "com.apple.product-type.bundle.ui-testing";
		};
/* End PBXNativeTarget section */

/* Begin PBXProject section */
		FC1BF3472585505000425D46 /* Project object */ = {
			isa = PBXProject;
			attributes = {
				LastSwiftUpdateCheck = 1200;
				LastUpgradeCheck = 1200;
				TargetAttributes = {
					FC1BF34E2585505000425D46 = {
						CreatedOnToolsVersion = 12.0.1;
					};
					FC1BF3642585505700425D46 = {
						CreatedOnToolsVersion = 12.0.1;
						TestTargetID = FC1BF34E2585505000425D46;
					};
					FC1BF36F2585505700425D46 = {
						CreatedOnToolsVersion = 12.0.1;
						TestTargetID = FC1BF34E2585505000425D46;
					};
				};
			};
			buildConfigurationList = FC1BF34A2585505000425D46 /* Build configuration list for PBXProject "OnlineShopping" */;
			compatibilityVersion = "Xcode 9.3";
			developmentRegion = en;
			hasScannedForEncodings = 0;
			knownRegions = (
				en,
				Base,
			);
			mainGroup = FC1BF3462585505000425D46;
			productRefGroup = FC1BF3502585505000425D46 /* Products */;
			projectDirPath = "";
			projectRoot = "";
			targets = (
				FC1BF34E2585505000425D46 /* OnlineShopping */,
				FC1BF3642585505700425D46 /* OnlineShoppingTests */,
				FC1BF36F2585505700425D46 /* OnlineShoppingUITests */,
			);
		};
/* End PBXProject section */

/* Begin PBXResourcesBuildPhase section */
		FC1BF34D2585505000425D46 /* Resources */ = {
			isa = PBXResourcesBuildPhase;
			buildActionMask = 2147483647;
			files = (
				FCCB936A2585721A0081A9E9 /* TitilliumWeb-SemiBoldItalic.ttf in Resources */,
				FCCB93BB258589A90081A9E9 /* PatternView.xib in Resources */,
				FC6B64AF25869693002DFD74 /* CollectionViewCell.xib in Resources */,
				FCE6CD6C2587A7FE00E3D017 /* FooterView.xib in Resources */,
				FCCB93622585721A0081A9E9 /* TitilliumWeb-Light.ttf in Resources */,
				FCCB937C2585737F0081A9E9 /* EmailInputView.xib in Resources */,
				FC1BF35F2585505700425D46 /* LaunchScreen.storyboard in Resources */,
				FCCB938625857AD20081A9E9 /* PasswordInputView.xib in Resources */,
				FCCB93642585721A0081A9E9 /* TitilliumWeb-Bold.ttf in Resources */,
				FCCB93692585721A0081A9E9 /* TitilliumWeb-Regular.ttf in Resources */,
				FCCB93CC25858DDA0081A9E9 /* SearchView.xib in Resources */,
				FCCB93602585721A0081A9E9 /* TitilliumWeb-Italic.ttf in Resources */,
				FC6B64E32586DEBD002DFD74 /* TableViewCell.xib in Resources */,
				FC1BF35C2585505700425D46 /* Assets.xcassets in Resources */,
				FCCB93672585721A0081A9E9 /* TitilliumWeb-LightItalic.ttf in Resources */,
				FC6B64C82586D886002DFD74 /* FilterBannerView.xib in Resources */,
				FCCB93662585721A0081A9E9 /* TitilliumWeb-Black.ttf in Resources */,
				FCCB93682585721A0081A9E9 /* TitilliumWeb-ExtraLight.ttf in Resources */,
				FCCB93DE2585A7A00081A9E9 /* SortAndFilterView.xib in Resources */,
				FCCB93612585721A0081A9E9 /* TitilliumWeb-SemiBold.ttf in Resources */,
				FC1BF35A2585505000425D46 /* Main.storyboard in Resources */,
				FCCB93652585721A0081A9E9 /* TitilliumWeb-BoldItalic.ttf in Resources */,
				FC6B64A8258695B9002DFD74 /* ProductCollectionView.xib in Resources */,
				FCCB93632585721A0081A9E9 /* TitilliumWeb-ExtraLightItalic.ttf in Resources */,
				FCCB93A0258582930081A9E9 /* CommonButtonView.xib in Resources */,
				FC6B64DC2586DD09002DFD74 /* CategoryTableView.xib in Resources */,
			);
			runOnlyForDeploymentPostprocessing = 0;
		};
		FC1BF3632585505700425D46 /* Resources */ = {
			isa = PBXResourcesBuildPhase;
			buildActionMask = 2147483647;
			files = (
			);
			runOnlyForDeploymentPostprocessing = 0;
		};
		FC1BF36E2585505700425D46 /* Resources */ = {
			isa = PBXResourcesBuildPhase;
			buildActionMask = 2147483647;
			files = (
			);
			runOnlyForDeploymentPostprocessing = 0;
		};
/* End PBXResourcesBuildPhase section */

/* Begin PBXSourcesBuildPhase section */
		FC1BF34B2585505000425D46 /* Sources */ = {
			isa = PBXSourcesBuildPhase;
			buildActionMask = 2147483647;
			files = (
				FCCB93B62585898A0081A9E9 /* PatternView.swift in Sources */,
				FC1BF3952585521D00425D46 /* ProductsServices.swift in Sources */,
				FCE6CD672587A7E500E3D017 /* FooterView.swift in Sources */,
				FC1BF3A72585543E00425D46 /* FiltersViewController.swift in Sources */,
				FC6B64E22586DEBD002DFD74 /* TableViewCell.swift in Sources */,
				FCCB9377258573660081A9E9 /* EmailInputView.swift in Sources */,
				FC6B64A0258695A3002DFD74 /* ProductCollectionView.swift in Sources */,
				FC6B64AE25869693002DFD74 /* CollectionViewCell.swift in Sources */,
				FCCB93C425858DCD0081A9E9 /* SearchView.swift in Sources */,
				FCCB939B258582850081A9E9 /* CommonButtonView.swift in Sources */,
				FC6B64C32586D879002DFD74 /* FilterBannerView.swift in Sources */,
				FC1BF3532585505000425D46 /* AppDelegate.swift in Sources */,
				FCCB93D62585A77F0081A9E9 /* SortAndFilterView.swift in Sources */,
				FCCB938E25857B150081A9E9 /* PasswordInputView.swift in Sources */,
				FC1BF39D258553E100425D46 /* SignInViewController.swift in Sources */,
				FC1BF3A22585540600425D46 /* ProductListViewController.swift in Sources */,
				FC1BF3552585505000425D46 /* SceneDelegate.swift in Sources */,
				FC6B64D42586DD02002DFD74 /* CategoryTableView.swift in Sources */,
				FC1BF3AF2585587600425D46 /* Product.swift in Sources */,
			);
			runOnlyForDeploymentPostprocessing = 0;
		};
		FC1BF3612585505700425D46 /* Sources */ = {
			isa = PBXSourcesBuildPhase;
			buildActionMask = 2147483647;
			files = (
				FC1BF36A2585505700425D46 /* OnlineShoppingTests.swift in Sources */,
			);
			runOnlyForDeploymentPostprocessing = 0;
		};
		FC1BF36C2585505700425D46 /* Sources */ = {
			isa = PBXSourcesBuildPhase;
			buildActionMask = 2147483647;
			files = (
				FC1BF3752585505700425D46 /* OnlineShoppingUITests.swift in Sources */,
			);
			runOnlyForDeploymentPostprocessing = 0;
		};
/* End PBXSourcesBuildPhase section */

/* Begin PBXTargetDependency section */
		FC1BF3672585505700425D46 /* PBXTargetDependency */ = {
			isa = PBXTargetDependency;
			target = FC1BF34E2585505000425D46 /* OnlineShopping */;
			targetProxy = FC1BF3662585505700425D46 /* PBXContainerItemProxy */;
		};
		FC1BF3722585505700425D46 /* PBXTargetDependency */ = {
			isa = PBXTargetDependency;
			target = FC1BF34E2585505000425D46 /* OnlineShopping */;
			targetProxy = FC1BF3712585505700425D46 /* PBXContainerItemProxy */;
		};
/* End PBXTargetDependency section */

/* Begin PBXVariantGroup section */
		FC1BF3582585505000425D46 /* Main.storyboard */ = {
			isa = PBXVariantGroup;
			children = (
				FC1BF3592585505000425D46 /* Base */,
			);
			name = Main.storyboard;
			sourceTree = "<group>";
		};
		FC1BF35D2585505700425D46 /* LaunchScreen.storyboard */ = {
			isa = PBXVariantGroup;
			children = (
				FC1BF35E2585505700425D46 /* Base */,
			);
			name = LaunchScreen.storyboard;
			sourceTree = "<group>";
		};
/* End PBXVariantGroup section */

/* Begin XCBuildConfiguration section */
		FC1BF3772585505700425D46 /* Debug */ = {
			isa = XCBuildConfiguration;
			buildSettings = {
				ALWAYS_SEARCH_USER_PATHS = NO;
				CLANG_ANALYZER_NONNULL = YES;
				CLANG_ANALYZER_NUMBER_OBJECT_CONVERSION = YES_AGGRESSIVE;
				CLANG_CXX_LANGUAGE_STANDARD = "gnu++14";
				CLANG_CXX_LIBRARY = "libc++";
				CLANG_ENABLE_MODULES = YES;
				CLANG_ENABLE_OBJC_ARC = YES;
				CLANG_ENABLE_OBJC_WEAK = YES;
				CLANG_WARN_BLOCK_CAPTURE_AUTORELEASING = YES;
				CLANG_WARN_BOOL_CONVERSION = YES;
				CLANG_WARN_COMMA = YES;
				CLANG_WARN_CONSTANT_CONVERSION = YES;
				CLANG_WARN_DEPRECATED_OBJC_IMPLEMENTATIONS = YES;
				CLANG_WARN_DIRECT_OBJC_ISA_USAGE = YES_ERROR;
				CLANG_WARN_DOCUMENTATION_COMMENTS = YES;
				CLANG_WARN_EMPTY_BODY = YES;
				CLANG_WARN_ENUM_CONVERSION = YES;
				CLANG_WARN_INFINITE_RECURSION = YES;
				CLANG_WARN_INT_CONVERSION = YES;
				CLANG_WARN_NON_LITERAL_NULL_CONVERSION = YES;
				CLANG_WARN_OBJC_IMPLICIT_RETAIN_SELF = YES;
				CLANG_WARN_OBJC_LITERAL_CONVERSION = YES;
				CLANG_WARN_OBJC_ROOT_CLASS = YES_ERROR;
				CLANG_WARN_QUOTED_INCLUDE_IN_FRAMEWORK_HEADER = YES;
				CLANG_WARN_RANGE_LOOP_ANALYSIS = YES;
				CLANG_WARN_STRICT_PROTOTYPES = YES;
				CLANG_WARN_SUSPICIOUS_MOVE = YES;
				CLANG_WARN_UNGUARDED_AVAILABILITY = YES_AGGRESSIVE;
				CLANG_WARN_UNREACHABLE_CODE = YES;
				CLANG_WARN__DUPLICATE_METHOD_MATCH = YES;
				COPY_PHASE_STRIP = NO;
				DEBUG_INFORMATION_FORMAT = dwarf;
				ENABLE_STRICT_OBJC_MSGSEND = YES;
				ENABLE_TESTABILITY = YES;
				GCC_C_LANGUAGE_STANDARD = gnu11;
				GCC_DYNAMIC_NO_PIC = NO;
				GCC_NO_COMMON_BLOCKS = YES;
				GCC_OPTIMIZATION_LEVEL = 0;
				GCC_PREPROCESSOR_DEFINITIONS = (
					"DEBUG=1",
					"$(inherited)",
				);
				GCC_WARN_64_TO_32_BIT_CONVERSION = YES;
				GCC_WARN_ABOUT_RETURN_TYPE = YES_ERROR;
				GCC_WARN_UNDECLARED_SELECTOR = YES;
				GCC_WARN_UNINITIALIZED_AUTOS = YES_AGGRESSIVE;
				GCC_WARN_UNUSED_FUNCTION = YES;
				GCC_WARN_UNUSED_VARIABLE = YES;
				IPHONEOS_DEPLOYMENT_TARGET = 14.0;
				MTL_ENABLE_DEBUG_INFO = INCLUDE_SOURCE;
				MTL_FAST_MATH = YES;
				ONLY_ACTIVE_ARCH = YES;
				SDKROOT = iphoneos;
				SWIFT_ACTIVE_COMPILATION_CONDITIONS = DEBUG;
				SWIFT_OPTIMIZATION_LEVEL = "-Onone";
			};
			name = Debug;
		};
		FC1BF3782585505700425D46 /* Release */ = {
			isa = XCBuildConfiguration;
			buildSettings = {
				ALWAYS_SEARCH_USER_PATHS = NO;
				CLANG_ANALYZER_NONNULL = YES;
				CLANG_ANALYZER_NUMBER_OBJECT_CONVERSION = YES_AGGRESSIVE;
				CLANG_CXX_LANGUAGE_STANDARD = "gnu++14";
				CLANG_CXX_LIBRARY = "libc++";
				CLANG_ENABLE_MODULES = YES;
				CLANG_ENABLE_OBJC_ARC = YES;
				CLANG_ENABLE_OBJC_WEAK = YES;
				CLANG_WARN_BLOCK_CAPTURE_AUTORELEASING = YES;
				CLANG_WARN_BOOL_CONVERSION = YES;
				CLANG_WARN_COMMA = YES;
				CLANG_WARN_CONSTANT_CONVERSION = YES;
				CLANG_WARN_DEPRECATED_OBJC_IMPLEMENTATIONS = YES;
				CLANG_WARN_DIRECT_OBJC_ISA_USAGE = YES_ERROR;
				CLANG_WARN_DOCUMENTATION_COMMENTS = YES;
				CLANG_WARN_EMPTY_BODY = YES;
				CLANG_WARN_ENUM_CONVERSION = YES;
				CLANG_WARN_INFINITE_RECURSION = YES;
				CLANG_WARN_INT_CONVERSION = YES;
				CLANG_WARN_NON_LITERAL_NULL_CONVERSION = YES;
				CLANG_WARN_OBJC_IMPLICIT_RETAIN_SELF = YES;
				CLANG_WARN_OBJC_LITERAL_CONVERSION = YES;
				CLANG_WARN_OBJC_ROOT_CLASS = YES_ERROR;
				CLANG_WARN_QUOTED_INCLUDE_IN_FRAMEWORK_HEADER = YES;
				CLANG_WARN_RANGE_LOOP_ANALYSIS = YES;
				CLANG_WARN_STRICT_PROTOTYPES = YES;
				CLANG_WARN_SUSPICIOUS_MOVE = YES;
				CLANG_WARN_UNGUARDED_AVAILABILITY = YES_AGGRESSIVE;
				CLANG_WARN_UNREACHABLE_CODE = YES;
				CLANG_WARN__DUPLICATE_METHOD_MATCH = YES;
				COPY_PHASE_STRIP = NO;
				DEBUG_INFORMATION_FORMAT = "dwarf-with-dsym";
				ENABLE_NS_ASSERTIONS = NO;
				ENABLE_STRICT_OBJC_MSGSEND = YES;
				GCC_C_LANGUAGE_STANDARD = gnu11;
				GCC_NO_COMMON_BLOCKS = YES;
				GCC_WARN_64_TO_32_BIT_CONVERSION = YES;
				GCC_WARN_ABOUT_RETURN_TYPE = YES_ERROR;
				GCC_WARN_UNDECLARED_SELECTOR = YES;
				GCC_WARN_UNINITIALIZED_AUTOS = YES_AGGRESSIVE;
				GCC_WARN_UNUSED_FUNCTION = YES;
				GCC_WARN_UNUSED_VARIABLE = YES;
				IPHONEOS_DEPLOYMENT_TARGET = 14.0;
				MTL_ENABLE_DEBUG_INFO = NO;
				MTL_FAST_MATH = YES;
				SDKROOT = iphoneos;
				SWIFT_COMPILATION_MODE = wholemodule;
				SWIFT_OPTIMIZATION_LEVEL = "-O";
				VALIDATE_PRODUCT = YES;
			};
			name = Release;
		};
		FC1BF37A2585505700425D46 /* Debug */ = {
			isa = XCBuildConfiguration;
			buildSettings = {
				ASSETCATALOG_COMPILER_APPICON_NAME = AppIcon;
				ASSETCATALOG_COMPILER_GLOBAL_ACCENT_COLOR_NAME = AccentColor;
				CODE_SIGN_STYLE = Automatic;
				DEVELOPMENT_TEAM = 7SCF2XB98F;
				INFOPLIST_FILE = OnlineShopping/Info.plist;
				LD_RUNPATH_SEARCH_PATHS = (
					"$(inherited)",
					"@executable_path/Frameworks",
				);
				PRODUCT_BUNDLE_IDENTIFIER = MertGurcan.OnlineShopping;
				PRODUCT_NAME = "$(TARGET_NAME)";
				SWIFT_VERSION = 5.0;
				TARGETED_DEVICE_FAMILY = 1;
			};
			name = Debug;
		};
		FC1BF37B2585505700425D46 /* Release */ = {
			isa = XCBuildConfiguration;
			buildSettings = {
				ASSETCATALOG_COMPILER_APPICON_NAME = AppIcon;
				ASSETCATALOG_COMPILER_GLOBAL_ACCENT_COLOR_NAME = AccentColor;
				CODE_SIGN_STYLE = Automatic;
				DEVELOPMENT_TEAM = 7SCF2XB98F;
				INFOPLIST_FILE = OnlineShopping/Info.plist;
				LD_RUNPATH_SEARCH_PATHS = (
					"$(inherited)",
					"@executable_path/Frameworks",
				);
				PRODUCT_BUNDLE_IDENTIFIER = MertGurcan.OnlineShopping;
				PRODUCT_NAME = "$(TARGET_NAME)";
				SWIFT_VERSION = 5.0;
				TARGETED_DEVICE_FAMILY = 1;
			};
			name = Release;
		};
		FC1BF37D2585505700425D46 /* Debug */ = {
			isa = XCBuildConfiguration;
			buildSettings = {
				ALWAYS_EMBED_SWIFT_STANDARD_LIBRARIES = YES;
				BUNDLE_LOADER = "$(TEST_HOST)";
				CODE_SIGN_STYLE = Automatic;
				DEVELOPMENT_TEAM = 7SCF2XB98F;
				INFOPLIST_FILE = OnlineShoppingTests/Info.plist;
				IPHONEOS_DEPLOYMENT_TARGET = 14.0;
				LD_RUNPATH_SEARCH_PATHS = (
					"$(inherited)",
					"@executable_path/Frameworks",
					"@loader_path/Frameworks",
				);
				PRODUCT_BUNDLE_IDENTIFIER = MertGurcan.OnlineShoppingTests;
				PRODUCT_NAME = "$(TARGET_NAME)";
				SWIFT_VERSION = 5.0;
				TARGETED_DEVICE_FAMILY = "1,2";
				TEST_HOST = "$(BUILT_PRODUCTS_DIR)/OnlineShopping.app/OnlineShopping";
			};
			name = Debug;
		};
		FC1BF37E2585505700425D46 /* Release */ = {
			isa = XCBuildConfiguration;
			buildSettings = {
				ALWAYS_EMBED_SWIFT_STANDARD_LIBRARIES = YES;
				BUNDLE_LOADER = "$(TEST_HOST)";
				CODE_SIGN_STYLE = Automatic;
				DEVELOPMENT_TEAM = 7SCF2XB98F;
				INFOPLIST_FILE = OnlineShoppingTests/Info.plist;
				IPHONEOS_DEPLOYMENT_TARGET = 14.0;
				LD_RUNPATH_SEARCH_PATHS = (
					"$(inherited)",
					"@executable_path/Frameworks",
					"@loader_path/Frameworks",
				);
				PRODUCT_BUNDLE_IDENTIFIER = MertGurcan.OnlineShoppingTests;
				PRODUCT_NAME = "$(TARGET_NAME)";
				SWIFT_VERSION = 5.0;
				TARGETED_DEVICE_FAMILY = "1,2";
				TEST_HOST = "$(BUILT_PRODUCTS_DIR)/OnlineShopping.app/OnlineShopping";
			};
			name = Release;
		};
		FC1BF3802585505700425D46 /* Debug */ = {
			isa = XCBuildConfiguration;
			buildSettings = {
				ALWAYS_EMBED_SWIFT_STANDARD_LIBRARIES = YES;
				CODE_SIGN_STYLE = Automatic;
				DEVELOPMENT_TEAM = 7SCF2XB98F;
				INFOPLIST_FILE = OnlineShoppingUITests/Info.plist;
				LD_RUNPATH_SEARCH_PATHS = (
					"$(inherited)",
					"@executable_path/Frameworks",
					"@loader_path/Frameworks",
				);
				PRODUCT_BUNDLE_IDENTIFIER = MertGurcan.OnlineShoppingUITests;
				PRODUCT_NAME = "$(TARGET_NAME)";
				SWIFT_VERSION = 5.0;
				TARGETED_DEVICE_FAMILY = "1,2";
				TEST_TARGET_NAME = OnlineShopping;
			};
			name = Debug;
		};
		FC1BF3812585505700425D46 /* Release */ = {
			isa = XCBuildConfiguration;
			buildSettings = {
				ALWAYS_EMBED_SWIFT_STANDARD_LIBRARIES = YES;
				CODE_SIGN_STYLE = Automatic;
				DEVELOPMENT_TEAM = 7SCF2XB98F;
				INFOPLIST_FILE = OnlineShoppingUITests/Info.plist;
				LD_RUNPATH_SEARCH_PATHS = (
					"$(inherited)",
					"@executable_path/Frameworks",
					"@loader_path/Frameworks",
				);
				PRODUCT_BUNDLE_IDENTIFIER = MertGurcan.OnlineShoppingUITests;
				PRODUCT_NAME = "$(TARGET_NAME)";
				SWIFT_VERSION = 5.0;
				TARGETED_DEVICE_FAMILY = "1,2";
				TEST_TARGET_NAME = OnlineShopping;
			};
			name = Release;
		};
/* End XCBuildConfiguration section */

/* Begin XCConfigurationList section */
		FC1BF34A2585505000425D46 /* Build configuration list for PBXProject "OnlineShopping" */ = {
			isa = XCConfigurationList;
			buildConfigurations = (
				FC1BF3772585505700425D46 /* Debug */,
				FC1BF3782585505700425D46 /* Release */,
			);
			defaultConfigurationIsVisible = 0;
			defaultConfigurationName = Release;
		};
		FC1BF3792585505700425D46 /* Build configuration list for PBXNativeTarget "OnlineShopping" */ = {
			isa = XCConfigurationList;
			buildConfigurations = (
				FC1BF37A2585505700425D46 /* Debug */,
				FC1BF37B2585505700425D46 /* Release */,
			);
			defaultConfigurationIsVisible = 0;
			defaultConfigurationName = Release;
		};
		FC1BF37C2585505700425D46 /* Build configuration list for PBXNativeTarget "OnlineShoppingTests" */ = {
			isa = XCConfigurationList;
			buildConfigurations = (
				FC1BF37D2585505700425D46 /* Debug */,
				FC1BF37E2585505700425D46 /* Release */,
			);
			defaultConfigurationIsVisible = 0;
			defaultConfigurationName = Release;
		};
		FC1BF37F2585505700425D46 /* Build configuration list for PBXNativeTarget "OnlineShoppingUITests" */ = {
			isa = XCConfigurationList;
			buildConfigurations = (
				FC1BF3802585505700425D46 /* Debug */,
				FC1BF3812585505700425D46 /* Release */,
			);
			defaultConfigurationIsVisible = 0;
			defaultConfigurationName = Release;
		};
/* End XCConfigurationList section */
	};
	rootObject = FC1BF3472585505000425D46 /* Project object */;
}
